
Microsoft Visual Studio Solution File, Format Version 12.00
# Visual Studio Express 2012 for Windows Phone
Project("{FAE04EC0-301F-11D3-BF4B-00C04F79EFBC}") = "TransportPricesInMoscow", "TransportPricesInMoscow\TransportPricesInMoscow.csproj", "{953DB6AE-62B0-425E-B67B-14CC37BE535C}"
EndProject
Project("{FAE04EC0-301F-11D3-BF4B-00C04F79EFBC}") = "TransportPricesWP", "TransportPricesWP\TransportPricesWP.csproj", "{690B1C03-D335-4F9F-81C8-5DB3C53D3B12}"
EndProject
Global
	GlobalSection(SolutionConfigurationPlatforms) = preSolution
		Debug|Any CPU = Debug|Any CPU
		Debug|ARM = Debug|ARM
		Debug|x64 = Debug|x64
		Debug|x86 = Debug|x86
		Release|Any CPU = Release|Any CPU
		Release|ARM = Release|ARM
		Release|x64 = Release|x64
		Release|x86 = Release|x86
	EndGlobalSection
	GlobalSection(ProjectConfigurationPlatforms) = postSolution
		{953DB6AE-62B0-425E-B67B-14CC37BE535C}.Debug|Any CPU.ActiveCfg = Debug|Any CPU
		{953DB6AE-62B0-425E-B67B-14CC37BE535C}.Debug|Any CPU.Build.0 = Debug|Any CPU
		{953DB6AE-62B0-425E-B67B-14CC37BE535C}.Debug|Any CPU.Deploy.0 = Debug|Any CPU
		{953DB6AE-62B0-425E-B67B-14CC37BE535C}.Debug|ARM.ActiveCfg = Debug|ARM
		{953DB6AE-62B0-425E-B67B-14CC37BE535C}.Debug|ARM.Build.0 = Debug|ARM
		{953DB6AE-62B0-425E-B67B-14CC37BE535C}.Debug|ARM.Deploy.0 = Debug|ARM
		{953DB6AE-62B0-425E-B67B-14CC37BE535C}.Debug|x64.ActiveCfg = Debug|x64
		{953DB6AE-62B0-425E-B67B-14CC37BE535C}.Debug|x64.Build.0 = Debug|x64
		{953DB6AE-62B0-425E-B67B-14CC37BE535C}.Debug|x64.Deploy.0 = Debug|x64
		{953DB6AE-62B0-425E-B67B-14CC37BE535C}.Debug|x86.ActiveCfg = Debug|x86
		{953DB6AE-62B0-425E-B67B-14CC37BE535C}.Debug|x86.Build.0 = Debug|x86
		{953DB6AE-62B0-425E-B67B-14CC37BE535C}.Debug|x86.Deploy.0 = Debug|x86
		{953DB6AE-62B0-425E-B67B-14CC37BE535C}.Release|Any CPU.ActiveCfg = Release|Any CPU
		{953DB6AE-62B0-425E-B67B-14CC37BE535C}.Release|Any CPU.Build.0 = Release|Any CPU
		{953DB6AE-62B0-425E-B67B-14CC37BE535C}.Release|Any CPU.Deploy.0 = Release|Any CPU
		{953DB6AE-62B0-425E-B67B-14CC37BE535C}.Release|ARM.ActiveCfg = Release|ARM
		{953DB6AE-62B0-425E-B67B-14CC37BE535C}.Release|ARM.Build.0 = Release|ARM
		{953DB6AE-62B0-425E-B67B-14CC37BE535C}.Release|ARM.Deploy.0 = Release|ARM
		{953DB6AE-62B0-425E-B67B-14CC37BE535C}.Release|x64.ActiveCfg = Release|x64
		{953DB6AE-62B0-425E-B67B-14CC37BE535C}.Release|x64.Build.0 = Release|x64
		{953DB6AE-62B0-425E-B67B-14CC37BE535C}.Release|x64.Deploy.0 = Release|x64
		{953DB6AE-62B0-425E-B67B-14CC37BE535C}.Release|x86.ActiveCfg = Release|x86
		{953DB6AE-62B0-425E-B67B-14CC37BE535C}.Release|x86.Build.0 = Release|x86
		{953DB6AE-62B0-425E-B67B-14CC37BE535C}.Release|x86.Deploy.0 = Release|x86
		{690B1C03-D335-4F9F-81C8-5DB3C53D3B12}.Debug|Any CPU.ActiveCfg = Debug|Any CPU
		{690B1C03-D335-4F9F-81C8-5DB3C53D3B12}.Debug|Any CPU.Build.0 = Debug|Any CPU
		{690B1C03-D335-4F9F-81C8-5DB3C53D3B12}.Debug|Any CPU.Deploy.0 = Debug|Any CPU
		{690B1C03-D335-4F9F-81C8-5DB3C53D3B12}.Debug|ARM.ActiveCfg = Debug|Any CPU
		{690B1C03-D335-4F9F-81C8-5DB3C53D3B12}.Debug|x64.ActiveCfg = Debug|Any CPU
		{690B1C03-D335-4F9F-81C8-5DB3C53D3B12}.Debug|x86.ActiveCfg = Debug|Any CPU
		{690B1C03-D335-4F9F-81C8-5DB3C53D3B12}.Release|Any CPU.ActiveCfg = Release|Any CPU
		{690B1C03-D335-4F9F-81C8-5DB3C53D3B12}.Release|Any CPU.Build.0 = Release|Any CPU
		{690B1C03-D335-4F9F-81C8-5DB3C53D3B12}.Release|Any CPU.Deploy.0 = Release|Any CPU
		{690B1C03-D335-4F9F-81C8-5DB3C53D3B12}.Release|ARM.ActiveCfg = Release|Any CPU
		{690B1C03-D335-4F9F-81C8-5DB3C53D3B12}.Release|x64.ActiveCfg = Release|Any CPU
		{690B1C03-D335-4F9F-81C8-5DB3C53D3B12}.Release|x86.ActiveCfg = Release|Any CPU
	EndGlobalSection
	GlobalSection(SolutionProperties) = preSolution
		HideSolutionNode = FALSE
	EndGlobalSection
EndGlobal
